
Microsoft Visual Studio Solution File, Format Version 12.00
# Visual Studio Version 16
VisualStudioVersion = 16.0.29926.136
MinimumVisualStudioVersion = 10.0.40219.1
Project("{FAE04EC0-301F-11D3-BF4B-00C04F79EFBC}") = "DataManager", "DataManager\DataManager.csproj", "{698B6E3D-36FA-43B3-A971-98A1EF113B31}"
EndProject
Project("{00D1A9C2-B5F0-4AF3-8072-F6C62B433612}") = "RMSData", "RMSData\RMSData.sqlproj", "{6040A51D-8E35-4046-BDD5-748D050F4F95}"
EndProject
Project("{FAE04EC0-301F-11D3-BF4B-00C04F79EFBC}") = "RMS-DESKTOP-UI", "RMS-DESKTOP-UI\RMS-DESKTOP-UI.csproj", "{07033D16-7CD0-43A4-BB1D-38638949DCCD}"
EndProject
Project("{FAE04EC0-301F-11D3-BF4B-00C04F79EFBC}") = "DataManager.Library", "DataManager.Library\DataManager.Library.csproj", "{62FFF543-DCE3-40FC-930F-9696898E8CA0}"
EndProject
Project("{9A19103F-16F7-4668-BE54-9A1E7A4F7556}") = "RMS-DESKTOP-UI.Library", "RMS-DESKTOP-UI.Library\RMS-DESKTOP-UI.Library.csproj", "{46587DA4-AA7B-4974-B1E9-C014F005112F}"
EndProject
Project("{2150E333-8FDC-42A3-9474-1A3956D46DE8}") = "API", "API", "{3A588375-C908-4809-802B-976F93561A7A}"
EndProject
Project("{2150E333-8FDC-42A3-9474-1A3956D46DE8}") = "Database", "Database", "{31149F62-C149-4465-8667-FF561661CF06}"
EndProject
Project("{2150E333-8FDC-42A3-9474-1A3956D46DE8}") = "WPF", "WPF", "{BEFBCE84-0316-4EFC-94A2-3D40F46079F4}"
EndProject
Project("{FAE04EC0-301F-11D3-BF4B-00C04F79EFBC}") = "RMSApi", "RMSApi\RMSApi.csproj", "{3EC0BDDD-433F-41BE-BBD4-0EB2B983F3AA}"
EndProject
Global
	GlobalSection(SolutionConfigurationPlatforms) = preSolution
		Debug|Any CPU = Debug|Any CPU
		Release|Any CPU = Release|Any CPU
	EndGlobalSection
	GlobalSection(ProjectConfigurationPlatforms) = postSolution
		{698B6E3D-36FA-43B3-A971-98A1EF113B31}.Debug|Any CPU.ActiveCfg = Debug|Any CPU
		{698B6E3D-36FA-43B3-A971-98A1EF113B31}.Debug|Any CPU.Build.0 = Debug|Any CPU
		{698B6E3D-36FA-43B3-A971-98A1EF113B31}.Release|Any CPU.ActiveCfg = Release|Any CPU
		{698B6E3D-36FA-43B3-A971-98A1EF113B31}.Release|Any CPU.Build.0 = Release|Any CPU
		{6040A51D-8E35-4046-BDD5-748D050F4F95}.Debug|Any CPU.ActiveCfg = Debug|Any CPU
		{6040A51D-8E35-4046-BDD5-748D050F4F95}.Debug|Any CPU.Build.0 = Debug|Any CPU
		{6040A51D-8E35-4046-BDD5-748D050F4F95}.Debug|Any CPU.Deploy.0 = Debug|Any CPU
		{6040A51D-8E35-4046-BDD5-748D050F4F95}.Release|Any CPU.ActiveCfg = Release|Any CPU
		{6040A51D-8E35-4046-BDD5-748D050F4F95}.Release|Any CPU.Build.0 = Release|Any CPU
		{6040A51D-8E35-4046-BDD5-748D050F4F95}.Release|Any CPU.Deploy.0 = Release|Any CPU
		{07033D16-7CD0-43A4-BB1D-38638949DCCD}.Debug|Any CPU.ActiveCfg = Debug|Any CPU
		{07033D16-7CD0-43A4-BB1D-38638949DCCD}.Debug|Any CPU.Build.0 = Debug|Any CPU
		{07033D16-7CD0-43A4-BB1D-38638949DCCD}.Release|Any CPU.ActiveCfg = Release|Any CPU
		{07033D16-7CD0-43A4-BB1D-38638949DCCD}.Release|Any CPU.Build.0 = Release|Any CPU
		{62FFF543-DCE3-40FC-930F-9696898E8CA0}.Debug|Any CPU.ActiveCfg = Debug|Any CPU
		{62FFF543-DCE3-40FC-930F-9696898E8CA0}.Debug|Any CPU.Build.0 = Debug|Any CPU
		{62FFF543-DCE3-40FC-930F-9696898E8CA0}.Release|Any CPU.ActiveCfg = Release|Any CPU
		{62FFF543-DCE3-40FC-930F-9696898E8CA0}.Release|Any CPU.Build.0 = Release|Any CPU
		{46587DA4-AA7B-4974-B1E9-C014F005112F}.Debug|Any CPU.ActiveCfg = Debug|Any CPU
		{46587DA4-AA7B-4974-B1E9-C014F005112F}.Debug|Any CPU.Build.0 = Debug|Any CPU
		{46587DA4-AA7B-4974-B1E9-C014F005112F}.Release|Any CPU.ActiveCfg = Release|Any CPU
		{46587DA4-AA7B-4974-B1E9-C014F005112F}.Release|Any CPU.Build.0 = Release|Any CPU
		{3EC0BDDD-433F-41BE-BBD4-0EB2B983F3AA}.Debug|Any CPU.ActiveCfg = Debug|Any CPU
		{3EC0BDDD-433F-41BE-BBD4-0EB2B983F3AA}.Debug|Any CPU.Build.0 = Debug|Any CPU
		{3EC0BDDD-433F-41BE-BBD4-0EB2B983F3AA}.Release|Any CPU.ActiveCfg = Release|Any CPU
		{3EC0BDDD-433F-41BE-BBD4-0EB2B983F3AA}.Release|Any CPU.Build.0 = Release|Any CPU
	EndGlobalSection
	GlobalSection(SolutionProperties) = preSolution
		HideSolutionNode = FALSE
	EndGlobalSection
	GlobalSection(NestedProjects) = preSolution
		{698B6E3D-36FA-43B3-A971-98A1EF113B31} = {3A588375-C908-4809-802B-976F93561A7A}
		{6040A51D-8E35-4046-BDD5-748D050F4F95} = {31149F62-C149-4465-8667-FF561661CF06}
		{07033D16-7CD0-43A4-BB1D-38638949DCCD} = {BEFBCE84-0316-4EFC-94A2-3D40F46079F4}
		{62FFF543-DCE3-40FC-930F-9696898E8CA0} = {3A588375-C908-4809-802B-976F93561A7A}
		{46587DA4-AA7B-4974-B1E9-C014F005112F} = {BEFBCE84-0316-4EFC-94A2-3D40F46079F4}
		{3EC0BDDD-433F-41BE-BBD4-0EB2B983F3AA} = {3A588375-C908-4809-802B-976F93561A7A}
	EndGlobalSection
	GlobalSection(ExtensibilityGlobals) = postSolution
		SolutionGuid = {2B85ED05-9061-4446-AEED-8D8D4AAE46F2}
	EndGlobalSection
EndGlobal
